
Microsoft Visual Studio Solution File, Format Version 12.00
# Visual Studio Version 17
VisualStudioVersion = 17.5.33627.172
MinimumVisualStudioVersion = 10.0.40219.1
Project("{FAE04EC0-301F-11D3-BF4B-00C04F79EFBC}") = "Interface_1", "Interface_1\Interface_1.csproj", "{64B20AFC-EC39-49A7-BFBF-0008175B00E2}"
EndProject
Global
	GlobalSection(SolutionConfigurationPlatforms) = preSolution
		Debug|Any CPU = Debug|Any CPU
		Release|Any CPU = Release|Any CPU
	EndGlobalSection
	GlobalSection(ProjectConfigurationPlatforms) = postSolution
		{64B20AFC-EC39-49A7-BFBF-0008175B00E2}.Debug|Any CPU.ActiveCfg = Debug|Any CPU
		{64B20AFC-EC39-49A7-BFBF-0008175B00E2}.Debug|Any CPU.Build.0 = Debug|Any CPU
		{64B20AFC-EC39-49A7-BFBF-0008175B00E2}.Release|Any CPU.ActiveCfg = Release|Any CPU
		{64B20AFC-EC39-49A7-BFBF-0008175B00E2}.Release|Any CPU.Build.0 = Release|Any CPU
	EndGlobalSection
	GlobalSection(SolutionProperties) = preSolution
		HideSolutionNode = FALSE
	EndGlobalSection
	GlobalSection(ExtensibilityGlobals) = postSolution
		SolutionGuid = {9FABC568-96BD-4E9B-843A-9FB312B79C00}
	EndGlobalSection
EndGlobal
